
Microsoft Visual Studio Solution File, Format Version 12.00
# Visual Studio Version 17
VisualStudioVersion = 17.9.34622.214
MinimumVisualStudioVersion = 10.0.40219.1
Project("{FAE04EC0-301F-11D3-BF4B-00C04F79EFBC}") = "DogShelter.API", "DogShelter.API\DogShelter.API.csproj", "{2874F9F8-A047-4631-8A4C-A80FC0AA297C}"
EndProject
Project("{FAE04EC0-301F-11D3-BF4B-00C04F79EFBC}") = "DogShelter.Application", "DogShelter.Application\DogShelter.Application.csproj", "{9DF727C9-B56C-4815-8706-DF4922263BD0}"
EndProject
Project("{FAE04EC0-301F-11D3-BF4B-00C04F79EFBC}") = "DogShelter.Domain", "DogShelter.Domain\DogShelter.Domain.csproj", "{44E78DEB-C2DD-4316-B152-66190F4DBA7C}"
EndProject
Project("{FAE04EC0-301F-11D3-BF4B-00C04F79EFBC}") = "DogShelter.Infrastructure", "DogShelter.Infrastructure\DogShelter.Infrastructure.csproj", "{8917E93A-22DF-4D2F-8B66-B30D419E0BB5}"
EndProject
Project("{2150E333-8FDC-42A3-9474-1A3956D46DE8}") = "tests", "tests", "{628A9C58-06E2-46AE-AE7F-2B2CB2552189}"
EndProject
Project("{FAE04EC0-301F-11D3-BF4B-00C04F79EFBC}") = "DogShelter.Tests", "DogShelter.Tests\DogShelter.Tests.csproj", "{26E47FC9-2B7A-4252-9710-2BAE333F85B4}"
EndProject
Global
	GlobalSection(SolutionConfigurationPlatforms) = preSolution
		Debug|Any CPU = Debug|Any CPU
		Release|Any CPU = Release|Any CPU
	EndGlobalSection
	GlobalSection(ProjectConfigurationPlatforms) = postSolution
		{2874F9F8-A047-4631-8A4C-A80FC0AA297C}.Debug|Any CPU.ActiveCfg = Debug|Any CPU
		{2874F9F8-A047-4631-8A4C-A80FC0AA297C}.Debug|Any CPU.Build.0 = Debug|Any CPU
		{2874F9F8-A047-4631-8A4C-A80FC0AA297C}.Release|Any CPU.ActiveCfg = Release|Any CPU
		{2874F9F8-A047-4631-8A4C-A80FC0AA297C}.Release|Any CPU.Build.0 = Release|Any CPU
		{9DF727C9-B56C-4815-8706-DF4922263BD0}.Debug|Any CPU.ActiveCfg = Debug|Any CPU
		{9DF727C9-B56C-4815-8706-DF4922263BD0}.Debug|Any CPU.Build.0 = Debug|Any CPU
		{9DF727C9-B56C-4815-8706-DF4922263BD0}.Release|Any CPU.ActiveCfg = Release|Any CPU
		{9DF727C9-B56C-4815-8706-DF4922263BD0}.Release|Any CPU.Build.0 = Release|Any CPU
		{44E78DEB-C2DD-4316-B152-66190F4DBA7C}.Debug|Any CPU.ActiveCfg = Debug|Any CPU
		{44E78DEB-C2DD-4316-B152-66190F4DBA7C}.Debug|Any CPU.Build.0 = Debug|Any CPU
		{44E78DEB-C2DD-4316-B152-66190F4DBA7C}.Release|Any CPU.ActiveCfg = Release|Any CPU
		{44E78DEB-C2DD-4316-B152-66190F4DBA7C}.Release|Any CPU.Build.0 = Release|Any CPU
		{8917E93A-22DF-4D2F-8B66-B30D419E0BB5}.Debug|Any CPU.ActiveCfg = Debug|Any CPU
		{8917E93A-22DF-4D2F-8B66-B30D419E0BB5}.Debug|Any CPU.Build.0 = Debug|Any CPU
		{8917E93A-22DF-4D2F-8B66-B30D419E0BB5}.Release|Any CPU.ActiveCfg = Release|Any CPU
		{8917E93A-22DF-4D2F-8B66-B30D419E0BB5}.Release|Any CPU.Build.0 = Release|Any CPU
		{26E47FC9-2B7A-4252-9710-2BAE333F85B4}.Debug|Any CPU.ActiveCfg = Debug|Any CPU
		{26E47FC9-2B7A-4252-9710-2BAE333F85B4}.Debug|Any CPU.Build.0 = Debug|Any CPU
		{26E47FC9-2B7A-4252-9710-2BAE333F85B4}.Release|Any CPU.ActiveCfg = Release|Any CPU
		{26E47FC9-2B7A-4252-9710-2BAE333F85B4}.Release|Any CPU.Build.0 = Release|Any CPU
	EndGlobalSection
	GlobalSection(SolutionProperties) = preSolution
		HideSolutionNode = FALSE
	EndGlobalSection
	GlobalSection(NestedProjects) = preSolution
		{26E47FC9-2B7A-4252-9710-2BAE333F85B4} = {628A9C58-06E2-46AE-AE7F-2B2CB2552189}
	EndGlobalSection
	GlobalSection(ExtensibilityGlobals) = postSolution
		SolutionGuid = {CF8F3738-2902-4327-8D9C-57E9AD996A90}
	EndGlobalSection
EndGlobal
